
Microsoft Visual Studio Solution File, Format Version 12.00
# Visual Studio Version 17
VisualStudioVersion = 17.6.33723.286
MinimumVisualStudioVersion = 10.0.40219.1
Project("{FAE04EC0-301F-11D3-BF4B-00C04F79EFBC}") = "orangine.Android", "orangine.Android\orangine.Android.csproj", "{D5B199E0-D9CD-4B23-899E-A39D597F5AE9}"
EndProject
Project("{FAE04EC0-301F-11D3-BF4B-00C04F79EFBC}") = "orangine.iOS", "orangine.iOS\orangine.iOS.csproj", "{74B6382A-538D-435E-964B-A578B2E59CCD}"
EndProject
Project("{FAE04EC0-301F-11D3-BF4B-00C04F79EFBC}") = "orangine", "orangine\orangine.csproj", "{DFC5632F-D0AC-4E03-A4C6-DEFBA2B19000}"
EndProject
Global
	GlobalSection(SolutionConfigurationPlatforms) = preSolution
		Debug|Any CPU = Debug|Any CPU
		Debug|iPhone = Debug|iPhone
		Debug|iPhoneSimulator = Debug|iPhoneSimulator
		Release|Any CPU = Release|Any CPU
		Release|iPhone = Release|iPhone
		Release|iPhoneSimulator = Release|iPhoneSimulator
	EndGlobalSection
	GlobalSection(ProjectConfigurationPlatforms) = postSolution
		{D5B199E0-D9CD-4B23-899E-A39D597F5AE9}.Debug|Any CPU.ActiveCfg = Debug|Any CPU
		{D5B199E0-D9CD-4B23-899E-A39D597F5AE9}.Debug|Any CPU.Build.0 = Debug|Any CPU
		{D5B199E0-D9CD-4B23-899E-A39D597F5AE9}.Debug|Any CPU.Deploy.0 = Debug|Any CPU
		{D5B199E0-D9CD-4B23-899E-A39D597F5AE9}.Debug|iPhone.ActiveCfg = Debug|Any CPU
		{D5B199E0-D9CD-4B23-899E-A39D597F5AE9}.Debug|iPhone.Build.0 = Debug|Any CPU
		{D5B199E0-D9CD-4B23-899E-A39D597F5AE9}.Debug|iPhone.Deploy.0 = Debug|Any CPU
		{D5B199E0-D9CD-4B23-899E-A39D597F5AE9}.Debug|iPhoneSimulator.ActiveCfg = Debug|Any CPU
		{D5B199E0-D9CD-4B23-899E-A39D597F5AE9}.Debug|iPhoneSimulator.Build.0 = Debug|Any CPU
		{D5B199E0-D9CD-4B23-899E-A39D597F5AE9}.Debug|iPhoneSimulator.Deploy.0 = Debug|Any CPU
		{D5B199E0-D9CD-4B23-899E-A39D597F5AE9}.Release|Any CPU.ActiveCfg = Release|Any CPU
		{D5B199E0-D9CD-4B23-899E-A39D597F5AE9}.Release|Any CPU.Build.0 = Release|Any CPU
		{D5B199E0-D9CD-4B23-899E-A39D597F5AE9}.Release|Any CPU.Deploy.0 = Release|Any CPU
		{D5B199E0-D9CD-4B23-899E-A39D597F5AE9}.Release|iPhone.ActiveCfg = Release|Any CPU
		{D5B199E0-D9CD-4B23-899E-A39D597F5AE9}.Release|iPhone.Build.0 = Release|Any CPU
		{D5B199E0-D9CD-4B23-899E-A39D597F5AE9}.Release|iPhone.Deploy.0 = Release|Any CPU
		{D5B199E0-D9CD-4B23-899E-A39D597F5AE9}.Release|iPhoneSimulator.ActiveCfg = Release|Any CPU
		{D5B199E0-D9CD-4B23-899E-A39D597F5AE9}.Release|iPhoneSimulator.Build.0 = Release|Any CPU
		{D5B199E0-D9CD-4B23-899E-A39D597F5AE9}.Release|iPhoneSimulator.Deploy.0 = Release|Any CPU
		{74B6382A-538D-435E-964B-A578B2E59CCD}.Debug|Any CPU.ActiveCfg = Debug|iPhone
		{74B6382A-538D-435E-964B-A578B2E59CCD}.Debug|Any CPU.Build.0 = Debug|iPhone
		{74B6382A-538D-435E-964B-A578B2E59CCD}.Debug|Any CPU.Deploy.0 = Debug|iPhone
		{74B6382A-538D-435E-964B-A578B2E59CCD}.Debug|iPhone.ActiveCfg = Debug|iPhone
		{74B6382A-538D-435E-964B-A578B2E59CCD}.Debug|iPhone.Build.0 = Debug|iPhone
		{74B6382A-538D-435E-964B-A578B2E59CCD}.Debug|iPhone.Deploy.0 = Debug|iPhone
		{74B6382A-538D-435E-964B-A578B2E59CCD}.Debug|iPhoneSimulator.ActiveCfg = Debug|iPhoneSimulator
		{74B6382A-538D-435E-964B-A578B2E59CCD}.Debug|iPhoneSimulator.Build.0 = Debug|iPhoneSimulator
		{74B6382A-538D-435E-964B-A578B2E59CCD}.Debug|iPhoneSimulator.Deploy.0 = Debug|iPhoneSimulator
		{74B6382A-538D-435E-964B-A578B2E59CCD}.Release|Any CPU.ActiveCfg = Release|iPhoneSimulator
		{74B6382A-538D-435E-964B-A578B2E59CCD}.Release|Any CPU.Build.0 = Release|iPhoneSimulator
		{74B6382A-538D-435E-964B-A578B2E59CCD}.Release|Any CPU.Deploy.0 = Release|iPhoneSimulator
		{74B6382A-538D-435E-964B-A578B2E59CCD}.Release|iPhone.ActiveCfg = Release|iPhone
		{74B6382A-538D-435E-964B-A578B2E59CCD}.Release|iPhone.Build.0 = Release|iPhone
		{74B6382A-538D-435E-964B-A578B2E59CCD}.Release|iPhone.Deploy.0 = Release|iPhone
		{74B6382A-538D-435E-964B-A578B2E59CCD}.Release|iPhoneSimulator.ActiveCfg = Release|iPhoneSimulator
		{74B6382A-538D-435E-964B-A578B2E59CCD}.Release|iPhoneSimulator.Build.0 = Release|iPhoneSimulator
		{74B6382A-538D-435E-964B-A578B2E59CCD}.Release|iPhoneSimulator.Deploy.0 = Release|iPhoneSimulator
		{DFC5632F-D0AC-4E03-A4C6-DEFBA2B19000}.Debug|Any CPU.ActiveCfg = Debug|Any CPU
		{DFC5632F-D0AC-4E03-A4C6-DEFBA2B19000}.Debug|Any CPU.Build.0 = Debug|Any CPU
		{DFC5632F-D0AC-4E03-A4C6-DEFBA2B19000}.Debug|Any CPU.Deploy.0 = Debug|Any CPU
		{DFC5632F-D0AC-4E03-A4C6-DEFBA2B19000}.Debug|iPhone.ActiveCfg = Debug|Any CPU
		{DFC5632F-D0AC-4E03-A4C6-DEFBA2B19000}.Debug|iPhone.Build.0 = Debug|Any CPU
		{DFC5632F-D0AC-4E03-A4C6-DEFBA2B19000}.Debug|iPhone.Deploy.0 = Debug|Any CPU
		{DFC5632F-D0AC-4E03-A4C6-DEFBA2B19000}.Debug|iPhoneSimulator.ActiveCfg = Debug|Any CPU
		{DFC5632F-D0AC-4E03-A4C6-DEFBA2B19000}.Debug|iPhoneSimulator.Build.0 = Debug|Any CPU
		{DFC5632F-D0AC-4E03-A4C6-DEFBA2B19000}.Debug|iPhoneSimulator.Deploy.0 = Debug|Any CPU
		{DFC5632F-D0AC-4E03-A4C6-DEFBA2B19000}.Release|Any CPU.ActiveCfg = Release|Any CPU
		{DFC5632F-D0AC-4E03-A4C6-DEFBA2B19000}.Release|Any CPU.Build.0 = Release|Any CPU
		{DFC5632F-D0AC-4E03-A4C6-DEFBA2B19000}.Release|Any CPU.Deploy.0 = Release|Any CPU
		{DFC5632F-D0AC-4E03-A4C6-DEFBA2B19000}.Release|iPhone.ActiveCfg = Release|Any CPU
		{DFC5632F-D0AC-4E03-A4C6-DEFBA2B19000}.Release|iPhone.Build.0 = Release|Any CPU
		{DFC5632F-D0AC-4E03-A4C6-DEFBA2B19000}.Release|iPhone.Deploy.0 = Release|Any CPU
		{DFC5632F-D0AC-4E03-A4C6-DEFBA2B19000}.Release|iPhoneSimulator.ActiveCfg = Release|Any CPU
		{DFC5632F-D0AC-4E03-A4C6-DEFBA2B19000}.Release|iPhoneSimulator.Build.0 = Release|Any CPU
		{DFC5632F-D0AC-4E03-A4C6-DEFBA2B19000}.Release|iPhoneSimulator.Deploy.0 = Release|Any CPU
	EndGlobalSection
	GlobalSection(SolutionProperties) = preSolution
		HideSolutionNode = FALSE
	EndGlobalSection
	GlobalSection(ExtensibilityGlobals) = postSolution
		SolutionGuid = {DBC0664C-4F04-4EDF-BCD7-3276CD5FE0C0}
	EndGlobalSection
EndGlobal
